
Microsoft Visual Studio Solution File, Format Version 12.00
# Visual Studio Version 16
VisualStudioVersion = 16.0.32002.261
MinimumVisualStudioVersion = 10.0.40219.1
Project("{FAE04EC0-301F-11D3-BF4B-00C04F79EFBC}") = "UserRegistrationmodel", "UserRegistrationmodel\UserRegistrationmodel.csproj", "{81CB4928-A659-4020-A3C0-9FA92B27186E}"
EndProject
Global
	GlobalSection(SolutionConfigurationPlatforms) = preSolution
		Debug|Any CPU = Debug|Any CPU
		Release|Any CPU = Release|Any CPU
	EndGlobalSection
	GlobalSection(ProjectConfigurationPlatforms) = postSolution
		{81CB4928-A659-4020-A3C0-9FA92B27186E}.Debug|Any CPU.ActiveCfg = Debug|Any CPU
		{81CB4928-A659-4020-A3C0-9FA92B27186E}.Debug|Any CPU.Build.0 = Debug|Any CPU
		{81CB4928-A659-4020-A3C0-9FA92B27186E}.Release|Any CPU.ActiveCfg = Release|Any CPU
		{81CB4928-A659-4020-A3C0-9FA92B27186E}.Release|Any CPU.Build.0 = Release|Any CPU
	EndGlobalSection
	GlobalSection(SolutionProperties) = preSolution
		HideSolutionNode = FALSE
	EndGlobalSection
	GlobalSection(ExtensibilityGlobals) = postSolution
		SolutionGuid = {6A849F7D-DCCF-4B6D-8AB2-93CF90D2BD67}
	EndGlobalSection
EndGlobal
